{
  "version": 4,
  "terraform_version": "1.11.4",
  "serial": 42,
  "lineage": "bc0621b8-ccd3-8d1b-4e20-f546462e45dc",
  "outputs": {
    "cluster_name": {
      "value": "hello-world-cluster",
      "type": "string"
    },
    "github_repository_url": {
      "value": "https://github.com/kiranbollu/terraform-gke-hello-world-v1",
      "type": "string"
    },
    "subnet_name": {
      "value": "hello-world-subnet",
      "type": "string"
    },
    "vpc_name": {
      "value": "hello-world-vpc",
      "type": "string"
    }
  },
  "resources": [
    {
      "mode": "data",
      "type": "google_client_config",
      "name": "default",
      "provider": "provider[\"registry.terraform.io/hashicorp/google\"]",
      "instances": [
        {
          "schema_version": 0,
          "attributes": {
            "access_token": "ya29.c.c0ASRK0GarC6RG-orQ22kllnbjl2Jngnij8p4xy2dl4IB2Nf8AVWhcGcpL0bY5rbY6D2Fyu2QeNTv2ARfsa3ac5M2IKjqppMVtAopxgKFtzsz814guR0KSrS7kSFSYRDGgj80FJcFAJCo3tB8t1OULTfCf4v9XYU_yE6GGFaBq3UbdYxPJvlDjWfCOV2OKUhyQiR1WB5vLjBbMp5wWm8RUbbolLzey4DnDppZWOLS6gJTYzQHdb-FqQnI9GsKp4GW2-ao_9y2dbW1wgcstDYI7bDN2gM9geNjDDeIP-EosXSYwvicgd3Bfqbtd_Fu58YgewlISYjlc_eGyGBDJqDYYMgIvV4A8UnGzojowMD4gHwjWf1SuQf0lY-kqbwT387Kw03irxOWwFB19MdSQZUdk0vOd-Bi_hzz9xikjM65IrJzaakSsu3M0UsqcV0-YSI66BdBqrljWwvhXtpgy1M9zonpX-vBuIs4h9Xv90mk5Bvk5JBlnhj24Xugcs8YV8begkvUg9Mff7Rcapdprj8bxxQvQuoYmt5pS5_abx7jR4BS8liOFgr3g9471RRmrqnIeuFzwbrxa8fUbgR_U17XZ4v2uBr1qsjcIVufjeU9VhSFeFYQ2J8JW2mz8bXj1sVr9-Yk-SX2Z57cna9XFSyR9ttr56mmRh6zmaUIY2qgkQ-3_xbJvYwivakpVyvJuIbBBhjzjQ5lBYj3Q0yt5vqFsqptjhfUxWpFz0n0u38FxMi_pU09-aF49nz6l-vSIm101yruw--9hYg6meVSaMft4xutcF4M5uF8-Fvl_laos2d0X0Qgtsx23Bt237n_biR3gZeRaSVF3VBs388U_m0VyB_bkf8zbOuxdbpwzBVXUtVvwuxZFROnayQtbS9iO7xl_pc6kur9lkxyeQF1rIRByRnI3uhe61_ewvSSfF4F7Rc0YJMbk5xQ0R689s_WmuJIQV6_0V0r7rVlfBm39_hs_xwhdSgIynIQzZYo9IVXyohZW-o4q5-Otx14",
            "id": "projects/\"ringed-rune-459418-n7\"/regions/\"us-central1\"/zones/\u003cnull\u003e",
            "project": "ringed-rune-459418-n7",
            "region": "us-central1",
            "zone": null
          },
          "sensitive_attributes": [
            [
              {
                "type": "get_attr",
                "value": "access_token"
              }
            ]
          ]
        }
      ]
    },
    {
      "mode": "managed",
      "type": "github_repository",
      "name": "hello_world",
      "provider": "provider[\"registry.terraform.io/integrations/github\"]",
      "instances": [
        {
          "schema_version": 1,
          "attributes": {
            "allow_auto_merge": false,
            "allow_merge_commit": true,
            "allow_rebase_merge": true,
            "allow_squash_merge": true,
            "allow_update_branch": false,
            "archive_on_destroy": null,
            "archived": false,
            "auto_init": true,
            "default_branch": "main",
            "delete_branch_on_merge": false,
            "description": "Hello World application deployed on GKE using Terraform",
            "etag": "W/\"5d99e30501779b9b71f8c5e72729f306280f0468649f0afea9eb28e2ec0318be\"",
            "full_name": "kiranbollu/terraform-gke-hello-world-v1",
            "git_clone_url": "git://github.com/kiranbollu/terraform-gke-hello-world-v1.git",
            "gitignore_template": null,
            "has_discussions": false,
            "has_downloads": false,
            "has_issues": false,
            "has_projects": false,
            "has_wiki": false,
            "homepage_url": "",
            "html_url": "https://github.com/kiranbollu/terraform-gke-hello-world-v1",
            "http_clone_url": "https://github.com/kiranbollu/terraform-gke-hello-world-v1.git",
            "id": "terraform-gke-hello-world-v1",
            "ignore_vulnerability_alerts_during_read": null,
            "is_template": false,
            "license_template": null,
            "merge_commit_message": "PR_TITLE",
            "merge_commit_title": "MERGE_MESSAGE",
            "name": "terraform-gke-hello-world-v1",
            "node_id": "R_kgDOOoTurQ",
            "pages": [],
            "primary_language": "",
            "private": false,
            "repo_id": 981790381,
            "security_and_analysis": [
              {
                "advanced_security": [],
                "secret_scanning": [
                  {
                    "status": "enabled"
                  }
                ],
                "secret_scanning_push_protection": [
                  {
                    "status": "enabled"
                  }
                ]
              }
            ],
            "squash_merge_commit_message": "COMMIT_MESSAGES",
            "squash_merge_commit_title": "COMMIT_OR_PR_TITLE",
            "ssh_clone_url": "git@github.com:kiranbollu/terraform-gke-hello-world-v1.git",
            "svn_url": "https://github.com/kiranbollu/terraform-gke-hello-world-v1",
            "template": [],
            "topics": [
              "gke",
              "hello-world",
              "kubernetes",
              "terraform"
            ],
            "visibility": "public",
            "vulnerability_alerts": false,
            "web_commit_signoff_required": false
          },
          "sensitive_attributes": [],
          "private": "eyJzY2hlbWFfdmVyc2lvbiI6IjEifQ=="
        }
      ]
    },
    {
      "module": "module.gke",
      "mode": "managed",
      "type": "google_project_iam_member",
      "name": "gke_sa_roles",
      "provider": "provider[\"registry.terraform.io/hashicorp/google\"]",
      "instances": [
        {
          "schema_version": 0,
          "attributes": {
            "condition": [],
            "etag": "BwY05B0DJMk=",
            "id": "ringed-rune-459418-n7/roles/container.admin/serviceAccount:hello-world-cluster-sa@ringed-rune-459418-n7.iam.gserviceaccount.com",
            "member": "serviceAccount:hello-world-cluster-sa@ringed-rune-459418-n7.iam.gserviceaccount.com",
            "project": "ringed-rune-459418-n7",
            "role": "roles/container.admin"
          },
          "sensitive_attributes": [],
          "private": "bnVsbA==",
          "dependencies": [
            "module.gke.google_service_account.gke_sa"
          ]
        }
      ]
    },
    {
      "module": "module.gke",
      "mode": "managed",
      "type": "google_service_account",
      "name": "gke_sa",
      "provider": "provider[\"registry.terraform.io/hashicorp/google\"]",
      "instances": [
        {
          "schema_version": 0,
          "attributes": {
            "account_id": "hello-world-cluster-sa",
            "description": "",
            "disabled": false,
            "display_name": "GKE Service Account for hello-world-cluster",
            "email": "hello-world-cluster-sa@ringed-rune-459418-n7.iam.gserviceaccount.com",
            "id": "projects/ringed-rune-459418-n7/serviceAccounts/hello-world-cluster-sa@ringed-rune-459418-n7.iam.gserviceaccount.com",
            "member": "serviceAccount:hello-world-cluster-sa@ringed-rune-459418-n7.iam.gserviceaccount.com",
            "name": "projects/ringed-rune-459418-n7/serviceAccounts/hello-world-cluster-sa@ringed-rune-459418-n7.iam.gserviceaccount.com",
            "project": "ringed-rune-459418-n7",
            "timeouts": null,
            "unique_id": "114226744201970187754"
          },
          "sensitive_attributes": [],
          "private": "eyJlMmJmYjczMC1lY2FhLTExZTYtOGY4OC0zNDM2M2JjN2M0YzAiOnsiY3JlYXRlIjozMDAwMDAwMDAwMDB9fQ=="
        }
      ]
    },
    {
      "module": "module.vpc",
      "mode": "managed",
      "type": "google_compute_firewall",
      "name": "allow_health_checks",
      "provider": "provider[\"registry.terraform.io/hashicorp/google\"]",
      "instances": [
        {
          "schema_version": 1,
          "attributes": {
            "allow": [
              {
                "ports": [],
                "protocol": "tcp"
              }
            ],
            "creation_timestamp": "2025-05-11T15:56:40.954-07:00",
            "deny": [],
            "description": "",
            "destination_ranges": [],
            "direction": "INGRESS",
            "disabled": false,
            "enable_logging": null,
            "id": "projects/ringed-rune-459418-n7/global/firewalls/hello-world-vpc-allow-health-checks",
            "log_config": [],
            "name": "hello-world-vpc-allow-health-checks",
            "network": "https://www.googleapis.com/compute/v1/projects/ringed-rune-459418-n7/global/networks/hello-world-vpc",
            "priority": 1000,
            "project": "ringed-rune-459418-n7",
            "self_link": "https://www.googleapis.com/compute/v1/projects/ringed-rune-459418-n7/global/firewalls/hello-world-vpc-allow-health-checks",
            "source_ranges": [
              "130.211.0.0/22",
              "35.191.0.0/16"
            ],
            "source_service_accounts": [],
            "source_tags": [],
            "target_service_accounts": [],
            "target_tags": [],
            "timeouts": null
          },
          "sensitive_attributes": [],
          "private": "eyJlMmJmYjczMC1lY2FhLTExZTYtOGY4OC0zNDM2M2JjN2M0YzAiOnsiY3JlYXRlIjoxMjAwMDAwMDAwMDAwLCJkZWxldGUiOjEyMDAwMDAwMDAwMDAsInVwZGF0ZSI6MTIwMDAwMDAwMDAwMH0sInNjaGVtYV92ZXJzaW9uIjoiMSJ9",
          "dependencies": [
            "module.vpc.google_compute_network.vpc"
          ]
        }
      ]
    },
    {
      "module": "module.vpc",
      "mode": "managed",
      "type": "google_compute_firewall",
      "name": "allow_internal",
      "provider": "provider[\"registry.terraform.io/hashicorp/google\"]",
      "instances": [
        {
          "schema_version": 1,
          "attributes": {
            "allow": [
              {
                "ports": [],
                "protocol": "icmp"
              },
              {
                "ports": [],
                "protocol": "tcp"
              },
              {
                "ports": [],
                "protocol": "udp"
              }
            ],
            "creation_timestamp": "2025-05-11T15:56:41.486-07:00",
            "deny": [],
            "description": "",
            "destination_ranges": [],
            "direction": "INGRESS",
            "disabled": false,
            "enable_logging": null,
            "id": "projects/ringed-rune-459418-n7/global/firewalls/hello-world-vpc-allow-internal",
            "log_config": [],
            "name": "hello-world-vpc-allow-internal",
            "network": "https://www.googleapis.com/compute/v1/projects/ringed-rune-459418-n7/global/networks/hello-world-vpc",
            "priority": 1000,
            "project": "ringed-rune-459418-n7",
            "self_link": "https://www.googleapis.com/compute/v1/projects/ringed-rune-459418-n7/global/firewalls/hello-world-vpc-allow-internal",
            "source_ranges": [
              "10.0.0.0/16"
            ],
            "source_service_accounts": [],
            "source_tags": [],
            "target_service_accounts": [],
            "target_tags": [],
            "timeouts": null
          },
          "sensitive_attributes": [],
          "private": "eyJlMmJmYjczMC1lY2FhLTExZTYtOGY4OC0zNDM2M2JjN2M0YzAiOnsiY3JlYXRlIjoxMjAwMDAwMDAwMDAwLCJkZWxldGUiOjEyMDAwMDAwMDAwMDAsInVwZGF0ZSI6MTIwMDAwMDAwMDAwMH0sInNjaGVtYV92ZXJzaW9uIjoiMSJ9",
          "dependencies": [
            "module.vpc.google_compute_network.vpc"
          ]
        }
      ]
    },
    {
      "module": "module.vpc",
      "mode": "managed",
      "type": "google_compute_network",
      "name": "vpc",
      "provider": "provider[\"registry.terraform.io/hashicorp/google\"]",
      "instances": [
        {
          "schema_version": 0,
          "attributes": {
            "auto_create_subnetworks": false,
            "delete_default_routes_on_create": false,
            "description": "",
            "enable_ula_internal_ipv6": false,
            "gateway_ipv4": "",
            "id": "projects/ringed-rune-459418-n7/global/networks/hello-world-vpc",
            "internal_ipv6_range": "",
            "mtu": 0,
            "name": "hello-world-vpc",
            "network_firewall_policy_enforcement_order": "AFTER_CLASSIC_FIREWALL",
            "project": "ringed-rune-459418-n7",
            "routing_mode": "GLOBAL",
            "self_link": "https://www.googleapis.com/compute/v1/projects/ringed-rune-459418-n7/global/networks/hello-world-vpc",
            "timeouts": null
          },
          "sensitive_attributes": [],
          "private": "eyJlMmJmYjczMC1lY2FhLTExZTYtOGY4OC0zNDM2M2JjN2M0YzAiOnsiY3JlYXRlIjoxMjAwMDAwMDAwMDAwLCJkZWxldGUiOjEyMDAwMDAwMDAwMDAsInVwZGF0ZSI6MTIwMDAwMDAwMDAwMH19"
        }
      ]
    },
    {
      "module": "module.vpc",
      "mode": "managed",
      "type": "google_compute_router",
      "name": "router",
      "provider": "provider[\"registry.terraform.io/hashicorp/google\"]",
      "instances": [
        {
          "schema_version": 0,
          "attributes": {
            "bgp": [],
            "creation_timestamp": "2025-05-11T15:48:33.641-07:00",
            "description": "",
            "encrypted_interconnect_router": false,
            "id": "projects/ringed-rune-459418-n7/regions/us-central1/routers/hello-world-vpc-router",
            "name": "hello-world-vpc-router",
            "network": "https://www.googleapis.com/compute/v1/projects/ringed-rune-459418-n7/global/networks/hello-world-vpc",
            "project": "ringed-rune-459418-n7",
            "region": "us-central1",
            "self_link": "https://www.googleapis.com/compute/v1/projects/ringed-rune-459418-n7/regions/us-central1/routers/hello-world-vpc-router",
            "timeouts": null
          },
          "sensitive_attributes": [],
          "private": "eyJlMmJmYjczMC1lY2FhLTExZTYtOGY4OC0zNDM2M2JjN2M0YzAiOnsiY3JlYXRlIjoxMjAwMDAwMDAwMDAwLCJkZWxldGUiOjEyMDAwMDAwMDAwMDAsInVwZGF0ZSI6MTIwMDAwMDAwMDAwMH19",
          "dependencies": [
            "module.vpc.google_compute_network.vpc"
          ]
        }
      ]
    },
    {
      "module": "module.vpc",
      "mode": "managed",
      "type": "google_compute_router_nat",
      "name": "nat",
      "provider": "provider[\"registry.terraform.io/hashicorp/google\"]",
      "instances": [
        {
          "schema_version": 0,
          "attributes": {
            "drain_nat_ips": [],
            "enable_dynamic_port_allocation": false,
            "enable_endpoint_independent_mapping": true,
            "icmp_idle_timeout_sec": 30,
            "id": "ringed-rune-459418-n7/us-central1/hello-world-vpc-router/hello-world-vpc-nat",
            "log_config": [
              {
                "enable": true,
                "filter": "ERRORS_ONLY"
              }
            ],
            "max_ports_per_vm": 0,
            "min_ports_per_vm": 0,
            "name": "hello-world-vpc-nat",
            "nat_ip_allocate_option": "AUTO_ONLY",
            "nat_ips": [],
            "project": "ringed-rune-459418-n7",
            "region": "us-central1",
            "router": "hello-world-vpc-router",
            "rules": [],
            "source_subnetwork_ip_ranges_to_nat": "ALL_SUBNETWORKS_ALL_IP_RANGES",
            "subnetwork": [],
            "tcp_established_idle_timeout_sec": 1200,
            "tcp_time_wait_timeout_sec": 120,
            "tcp_transitory_idle_timeout_sec": 30,
            "timeouts": null,
            "udp_idle_timeout_sec": 30
          },
          "sensitive_attributes": [],
          "private": "eyJlMmJmYjczMC1lY2FhLTExZTYtOGY4OC0zNDM2M2JjN2M0YzAiOnsiY3JlYXRlIjoxMjAwMDAwMDAwMDAwLCJkZWxldGUiOjEyMDAwMDAwMDAwMDAsInVwZGF0ZSI6MTIwMDAwMDAwMDAwMH19",
          "dependencies": [
            "module.vpc.google_compute_network.vpc",
            "module.vpc.google_compute_router.router"
          ]
        }
      ]
    },
    {
      "module": "module.vpc",
      "mode": "managed",
      "type": "google_compute_subnetwork",
      "name": "subnet",
      "provider": "provider[\"registry.terraform.io/hashicorp/google\"]",
      "instances": [
        {
          "schema_version": 0,
          "attributes": {
            "creation_timestamp": "2025-05-11T15:48:34.086-07:00",
            "description": "",
            "external_ipv6_prefix": "",
            "fingerprint": null,
            "gateway_address": "10.0.0.1",
            "id": "projects/ringed-rune-459418-n7/regions/us-central1/subnetworks/hello-world-subnet",
            "internal_ipv6_prefix": "",
            "ip_cidr_range": "10.0.0.0/16",
            "ipv6_access_type": "",
            "ipv6_cidr_range": "",
            "log_config": [],
            "name": "hello-world-subnet",
            "network": "https://www.googleapis.com/compute/v1/projects/ringed-rune-459418-n7/global/networks/hello-world-vpc",
            "private_ip_google_access": true,
            "private_ipv6_google_access": "DISABLE_GOOGLE_ACCESS",
            "project": "ringed-rune-459418-n7",
            "purpose": "PRIVATE",
            "region": "us-central1",
            "role": "",
            "secondary_ip_range": [
              {
                "ip_cidr_range": "172.16.0.0/20",
                "range_name": "hello-world-subnet-pods"
              },
              {
                "ip_cidr_range": "172.16.16.0/20",
                "range_name": "hello-world-subnet-services"
              }
            ],
            "self_link": "https://www.googleapis.com/compute/v1/projects/ringed-rune-459418-n7/regions/us-central1/subnetworks/hello-world-subnet",
            "stack_type": "IPV4_ONLY",
            "timeouts": null
          },
          "sensitive_attributes": [],
          "private": "eyJlMmJmYjczMC1lY2FhLTExZTYtOGY4OC0zNDM2M2JjN2M0YzAiOnsiY3JlYXRlIjoxMjAwMDAwMDAwMDAwLCJkZWxldGUiOjEyMDAwMDAwMDAwMDAsInVwZGF0ZSI6MTIwMDAwMDAwMDAwMH19",
          "dependencies": [
            "module.vpc.google_compute_network.vpc"
          ]
        }
      ]
    }
  ],
  "check_results": null
}
